
Microsoft Visual Studio Solution File, Format Version 12.00
# Visual Studio 15
VisualStudioVersion = 15.0.26730.12
MinimumVisualStudioVersion = 10.0.40219.1
Project("{FAE04EC0-301F-11D3-BF4B-00C04F79EFBC}") = "GigHub", "GigHub\GigHub.csproj", "{483C2E57-783F-4CED-A435-179840E703AD}"
EndProject
Global
	GlobalSection(SolutionConfigurationPlatforms) = preSolution
		Debug|Any CPU = Debug|Any CPU
		Release|Any CPU = Release|Any CPU
	EndGlobalSection
	GlobalSection(ProjectConfigurationPlatforms) = postSolution
		{483C2E57-783F-4CED-A435-179840E703AD}.Debug|Any CPU.ActiveCfg = Debug|Any CPU
		{483C2E57-783F-4CED-A435-179840E703AD}.Debug|Any CPU.Build.0 = Debug|Any CPU
		{483C2E57-783F-4CED-A435-179840E703AD}.Release|Any CPU.ActiveCfg = Release|Any CPU
		{483C2E57-783F-4CED-A435-179840E703AD}.Release|Any CPU.Build.0 = Release|Any CPU
	EndGlobalSection
	GlobalSection(SolutionProperties) = preSolution
		HideSolutionNode = FALSE
	EndGlobalSection
	GlobalSection(ExtensibilityGlobals) = postSolution
		SolutionGuid = {96C08543-D29F-4535-B0E6-018FC4E31A4F}
	EndGlobalSection
EndGlobal
